
Microsoft Visual Studio Solution File, Format Version 12.00
# Visual Studio Version 16
VisualStudioVersion = 16.0.31129.286
MinimumVisualStudioVersion = 10.0.40219.1
Project("{9A19103F-16F7-4668-BE54-9A1E7A4F7556}") = "WeInvest", "WeInvest\WeInvest.csproj", "{B2FA5BCE-AE92-4762-B4B6-2BBF7F560EBF}"
EndProject
Project("{9A19103F-16F7-4668-BE54-9A1E7A4F7556}") = "WeInvest.Tests", "WeInvest.Tests\WeInvest.Tests.csproj", "{BFEE9B6E-E952-4681-81DE-4AF1C1F45A87}"
EndProject
Project("{9A19103F-16F7-4668-BE54-9A1E7A4F7556}") = "WeInvest.SQLite", "WeInvest.SQLite\WeInvest.SQLite.csproj", "{7FC40DE0-2AA5-44FD-9373-6E2DBBBA97C2}"
EndProject
Project("{FAE04EC0-301F-11D3-BF4B-00C04F79EFBC}") = "ConsoleApp1", "ConsoleApp1\ConsoleApp1.csproj", "{6B11CC34-D773-461F-A15C-8E40C484183D}"
EndProject
Global
	GlobalSection(SolutionConfigurationPlatforms) = preSolution
		Debug|Any CPU = Debug|Any CPU
		Release|Any CPU = Release|Any CPU
	EndGlobalSection
	GlobalSection(ProjectConfigurationPlatforms) = postSolution
		{B2FA5BCE-AE92-4762-B4B6-2BBF7F560EBF}.Debug|Any CPU.ActiveCfg = Debug|Any CPU
		{B2FA5BCE-AE92-4762-B4B6-2BBF7F560EBF}.Debug|Any CPU.Build.0 = Debug|Any CPU
		{B2FA5BCE-AE92-4762-B4B6-2BBF7F560EBF}.Release|Any CPU.ActiveCfg = Release|Any CPU
		{B2FA5BCE-AE92-4762-B4B6-2BBF7F560EBF}.Release|Any CPU.Build.0 = Release|Any CPU
		{BFEE9B6E-E952-4681-81DE-4AF1C1F45A87}.Debug|Any CPU.ActiveCfg = Debug|Any CPU
		{BFEE9B6E-E952-4681-81DE-4AF1C1F45A87}.Debug|Any CPU.Build.0 = Debug|Any CPU
		{BFEE9B6E-E952-4681-81DE-4AF1C1F45A87}.Release|Any CPU.ActiveCfg = Release|Any CPU
		{BFEE9B6E-E952-4681-81DE-4AF1C1F45A87}.Release|Any CPU.Build.0 = Release|Any CPU
		{7FC40DE0-2AA5-44FD-9373-6E2DBBBA97C2}.Debug|Any CPU.ActiveCfg = Debug|Any CPU
		{7FC40DE0-2AA5-44FD-9373-6E2DBBBA97C2}.Debug|Any CPU.Build.0 = Debug|Any CPU
		{7FC40DE0-2AA5-44FD-9373-6E2DBBBA97C2}.Release|Any CPU.ActiveCfg = Release|Any CPU
		{7FC40DE0-2AA5-44FD-9373-6E2DBBBA97C2}.Release|Any CPU.Build.0 = Release|Any CPU
		{6B11CC34-D773-461F-A15C-8E40C484183D}.Debug|Any CPU.ActiveCfg = Debug|Any CPU
		{6B11CC34-D773-461F-A15C-8E40C484183D}.Debug|Any CPU.Build.0 = Debug|Any CPU
		{6B11CC34-D773-461F-A15C-8E40C484183D}.Release|Any CPU.ActiveCfg = Release|Any CPU
		{6B11CC34-D773-461F-A15C-8E40C484183D}.Release|Any CPU.Build.0 = Release|Any CPU
	EndGlobalSection
	GlobalSection(SolutionProperties) = preSolution
		HideSolutionNode = FALSE
	EndGlobalSection
	GlobalSection(ExtensibilityGlobals) = postSolution
		SolutionGuid = {B969C3F1-51B6-4346-B5B2-159FF181D682}
	EndGlobalSection
EndGlobal
